PODS:
  - Alamofire (3.4.1)
  - KeychainAccess (2.3.6)
  - Keys (1.0.0)
  - ObjectMapper (1.4.0)
  - Realm (1.0.2):
    - Realm/Headers (= 1.0.2)
  - Realm/Headers (1.0.2)
  - RealmSwift (1.0.2):
    - Realm (= 1.0.2)
  - RxAlamofire (2.5):
    - RxAlamofire/Core (= 2.5)
  - RxAlamofire/Core (2.5):
    - Alamofire (~> 3.4)
    - RxSwift (~> 2.5)
  - RxCocoa (2.6.0):
    - RxSwift (~> 2.5)
  - RxRealm (0.1.8):
    - RealmSwift (~> 1.0)
    - RxSwift
  - RxSwift (2.6.0)
  - SwiftyJSON (2.3.2)

DEPENDENCIES:
  - Alamofire
  - KeychainAccess
  - Keys (from `Pods/CocoaPodsKeys`)
  - ObjectMapper
  - RxAlamofire
  - RxCocoa
  - RxRealm
  - RxSwift
  - SwiftyJSON

EXTERNAL SOURCES:
  Keys:
    :path: Pods/CocoaPodsKeys

SPEC CHECKSUMS:
  Alamofire: 01a82e2f6c0f860ade35534c8dd88be61bdef40c
  KeychainAccess: 7f10e2ef998ddf954a64d5d608be08677774684d
  Keys: 9c35bf00f612ee1d48556f4a4b9b4551e224e90f
  ObjectMapper: a07ad0462c5adf014adc0f89ef04c29b626e855e
  Realm: 9d5c46a4d7d27958530a8dfc58f63a99e5c2cba3
  RealmSwift: 82f3ac5e24530143dddfde2033acc0d308f27d96
  RxAlamofire: b4572a077b6b2410c8732a27266299df4c00736e
  RxCocoa: 89ab00d5753502520227940e3a0e0a0413683c6b
  RxRealm: e1620fd20f5dc0d14c10e92bcc6c2c70bfb03ebe
  RxSwift: 77f3a0b15324baa7a1c9bfa9f199648a82424e26
  SwiftyJSON: 04ccea08915aa0109039157c7974cf0298da292a

PODFILE CHECKSUM: 94b1e47747348681c4866dd25f185fa1001a4242

COCOAPODS: 1.0.1
