PODS:
  - Alamofire (3.4.1)
  - Keys (1.0.0)
  - RxAlamofire (2.5):
    - RxAlamofire/Core (= 2.5)
  - RxAlamofire/Core (2.5):
    - Alamofire (~> 3.4)
    - RxSwift (~> 2.5)
  - RxCocoa (2.6.0):
    - RxSwift (~> 2.5)
  - RxSwift (2.6.0)

DEPENDENCIES:
  - Alamofire
  - Keys (from `Pods/CocoaPodsKeys`)
  - RxAlamofire
  - RxCocoa
  - RxSwift

EXTERNAL SOURCES:
  Keys:
    :path: Pods/CocoaPodsKeys

SPEC CHECKSUMS:
  Alamofire: 01a82e2f6c0f860ade35534c8dd88be61bdef40c
  Keys: 9c35bf00f612ee1d48556f4a4b9b4551e224e90f
  RxAlamofire: b4572a077b6b2410c8732a27266299df4c00736e
  RxCocoa: 89ab00d5753502520227940e3a0e0a0413683c6b
  RxSwift: 77f3a0b15324baa7a1c9bfa9f199648a82424e26

PODFILE CHECKSUM: c605e206acda2f437b5871c45979aa61fb40c67d

COCOAPODS: 1.0.1
