PODS:
  - Action (1.3.0):
    - RxCocoa (~> 2.6)
    - RxSwift (~> 2.6)
  - APIKit (2.0.5):
    - Result (~> 2.1.1)
  - Himotoki (3.0.0)
  - KeychainAccess (3.0.0)
  - Keys (1.0.0)
  - Result (2.1.3)
  - RxCocoa (2.6.0):
    - RxSwift (~> 2.5)
  - RxSwift (2.6.0)
  - SwiftDate (3.0.8)
  - WebLinking (1.1.0)

DEPENDENCIES:
  - Action
  - APIKit
  - Himotoki
  - KeychainAccess
  - Keys (from `Pods/CocoaPodsKeys`)
  - RxCocoa
  - RxSwift
  - SwiftDate
  - WebLinking

EXTERNAL SOURCES:
  Keys:
    :path: Pods/CocoaPodsKeys

SPEC CHECKSUMS:
  Action: 09c900c05bfef2f422374dc97790429bddbd1bbc
  APIKit: c78ad25192db1a2b0703d888c0a7cbb8127102f8
  Himotoki: df74b01035e86e021b7b04a15b033a7fd189b84f
  KeychainAccess: 412bf2650d9aebfc8135a58103b90ec38caad7f8
  Keys: 9c35bf00f612ee1d48556f4a4b9b4551e224e90f
  Result: 18e1a7597fbcca5923c565b40a25a98afafdee02
  RxCocoa: 89ab00d5753502520227940e3a0e0a0413683c6b
  RxSwift: 77f3a0b15324baa7a1c9bfa9f199648a82424e26
  SwiftDate: 971f8b9394f664f2226b9c3ab64e801a7291c612
  WebLinking: 3f71787c14a225148e8be29fe6e7c98597cbc459

PODFILE CHECKSUM: 856f4a806c02f79fcee3a1f87cd8e8b28a04e4ee

COCOAPODS: 1.0.1
