// !$*UTF8*$!
{
	archiveVersion = 1;
	classes = {
	};
	objectVersion = 46;
	objects = {

/* Begin PBXBuildFile section */
		392BFC68DCA200A2E658649F /* Pods_Annicted.framework in Frameworks */ = {isa = PBXBuildFile; fileRef = 65D2FAD89A019AB4E3013F80 /* Pods_Annicted.framework */; };
		632008DF1D621FF6006E9470 /* UIAlertController+Error.swift in Sources */ = {isa = PBXBuildFile; fileRef = 632008DE1D621FF6006E9470 /* UIAlertController+Error.swift */; };
		63592DBB1D62ECB80027915F /* AuthViewController.swift in Sources */ = {isa = PBXBuildFile; fileRef = 63592DBA1D62ECB80027915F /* AuthViewController.swift */; };
		63592DBD1D62ED8A0027915F /* AnnictTabbarController.swift in Sources */ = {isa = PBXBuildFile; fileRef = 63592DBC1D62ED8A0027915F /* AnnictTabbarController.swift */; };
		63592DBF1D62F23D0027915F /* MyProgramsViewController.swift in Sources */ = {isa = PBXBuildFile; fileRef = 63592DBE1D62F23D0027915F /* MyProgramsViewController.swift */; };
		63B788F31D6203A600AE96B4 /* MyProgramsViewModel.swift in Sources */ = {isa = PBXBuildFile; fileRef = 63B788F21D6203A600AE96B4 /* MyProgramsViewModel.swift */; };
		63B788F51D6203EA00AE96B4 /* MyProgram.swift in Sources */ = {isa = PBXBuildFile; fileRef = 63B788F41D6203EA00AE96B4 /* MyProgram.swift */; };
		63B788F71D6207E800AE96B4 /* AnnictDateTransform.swift in Sources */ = {isa = PBXBuildFile; fileRef = 63B788F61D6207E800AE96B4 /* AnnictDateTransform.swift */; };
		63B788F91D62089400AE96B4 /* NSDate+Annict.swift in Sources */ = {isa = PBXBuildFile; fileRef = 63B788F81D62089400AE96B4 /* NSDate+Annict.swift */; };
		C11D3F401D3FE8D300869CA5 /* AnnictApiService.swift in Sources */ = {isa = PBXBuildFile; fileRef = C11D3F3F1D3FE8D300869CA5 /* AnnictApiService.swift */; };
		C19134881D55C3D6004B9E25 /* NSURL+Easy.swift in Sources */ = {isa = PBXBuildFile; fileRef = C19134871D55C3D6004B9E25 /* NSURL+Easy.swift */; };
		C1EAB9A61D24391400BDDC70 /* AppDelegate.swift in Sources */ = {isa = PBXBuildFile; fileRef = C1EAB9A51D24391400BDDC70 /* AppDelegate.swift */; };
		C1EAB9AB1D24391400BDDC70 /* Main.storyboard in Resources */ = {isa = PBXBuildFile; fileRef = C1EAB9A91D24391400BDDC70 /* Main.storyboard */; };
		C1EAB9AD1D24391400BDDC70 /* Assets.xcassets in Resources */ = {isa = PBXBuildFile; fileRef = C1EAB9AC1D24391400BDDC70 /* Assets.xcassets */; };
		C1EAB9B01D24391400BDDC70 /* LaunchScreen.storyboard in Resources */ = {isa = PBXBuildFile; fileRef = C1EAB9AE1D24391400BDDC70 /* LaunchScreen.storyboard */; };
/* End PBXBuildFile section */

/* Begin PBXFileReference section */
		632008DE1D621FF6006E9470 /* UIAlertController+Error.swift */ = {isa = PBXFileReference; fileEncoding = 4; lastKnownFileType = sourcecode.swift; path = "UIAlertController+Error.swift"; sourceTree = "<group>"; };
		63592DBA1D62ECB80027915F /* AuthViewController.swift */ = {isa = PBXFileReference; fileEncoding = 4; lastKnownFileType = sourcecode.swift; path = AuthViewController.swift; sourceTree = "<group>"; };
		63592DBC1D62ED8A0027915F /* AnnictTabbarController.swift */ = {isa = PBXFileReference; fileEncoding = 4; lastKnownFileType = sourcecode.swift; path = AnnictTabbarController.swift; sourceTree = "<group>"; };
		63592DBE1D62F23D0027915F /* MyProgramsViewController.swift */ = {isa = PBXFileReference; fileEncoding = 4; lastKnownFileType = sourcecode.swift; path = MyProgramsViewController.swift; sourceTree = "<group>"; };
		63B788F21D6203A600AE96B4 /* MyProgramsViewModel.swift */ = {isa = PBXFileReference; fileEncoding = 4; lastKnownFileType = sourcecode.swift; path = MyProgramsViewModel.swift; sourceTree = "<group>"; };
		63B788F41D6203EA00AE96B4 /* MyProgram.swift */ = {isa = PBXFileReference; fileEncoding = 4; lastKnownFileType = sourcecode.swift; path = MyProgram.swift; sourceTree = "<group>"; };
		63B788F61D6207E800AE96B4 /* AnnictDateTransform.swift */ = {isa = PBXFileReference; fileEncoding = 4; lastKnownFileType = sourcecode.swift; path = AnnictDateTransform.swift; sourceTree = "<group>"; };
		63B788F81D62089400AE96B4 /* NSDate+Annict.swift */ = {isa = PBXFileReference; fileEncoding = 4; lastKnownFileType = sourcecode.swift; path = "NSDate+Annict.swift"; sourceTree = "<group>"; };
		65D2FAD89A019AB4E3013F80 /* Pods_Annicted.framework */ = {isa = PBXFileReference; explicitFileType = wrapper.framework; includeInIndex = 0; path = Pods_Annicted.framework; sourceTree = BUILT_PRODUCTS_DIR; };
		C11D3F3F1D3FE8D300869CA5 /* AnnictApiService.swift */ = {isa = PBXFileReference; fileEncoding = 4; lastKnownFileType = sourcecode.swift; path = AnnictApiService.swift; sourceTree = "<group>"; };
		C19134871D55C3D6004B9E25 /* NSURL+Easy.swift */ = {isa = PBXFileReference; fileEncoding = 4; lastKnownFileType = sourcecode.swift; path = "NSURL+Easy.swift"; sourceTree = "<group>"; };
		C1EAB9A21D24391400BDDC70 /* Annicted.app */ = {isa = PBXFileReference; explicitFileType = wrapper.application; includeInIndex = 0; path = Annicted.app; sourceTree = BUILT_PRODUCTS_DIR; };
		C1EAB9A51D24391400BDDC70 /* AppDelegate.swift */ = {isa = PBXFileReference; lastKnownFileType = sourcecode.swift; path = AppDelegate.swift; sourceTree = "<group>"; };
		C1EAB9AA1D24391400BDDC70 /* Base */ = {isa = PBXFileReference; lastKnownFileType = file.storyboard; name = Base; path = Base.lproj/Main.storyboard; sourceTree = "<group>"; };
		C1EAB9AC1D24391400BDDC70 /* Assets.xcassets */ = {isa = PBXFileReference; lastKnownFileType = folder.assetcatalog; path = Assets.xcassets; sourceTree = "<group>"; };
		C1EAB9AF1D24391400BDDC70 /* Base */ = {isa = PBXFileReference; lastKnownFileType = file.storyboard; name = Base; path = Base.lproj/LaunchScreen.storyboard; sourceTree = "<group>"; };
		C1EAB9B11D24391400BDDC70 /* Info.plist */ = {isa = PBXFileReference; lastKnownFileType = text.plist.xml; path = Info.plist; sourceTree = "<group>"; };
		E98D9666A466D65A741FD6A3 /* Pods-Annicted.release.xcconfig */ = {isa = PBXFileReference; includeInIndex = 1; lastKnownFileType = text.xcconfig; name = "Pods-Annicted.release.xcconfig"; path = "Pods/Target Support Files/Pods-Annicted/Pods-Annicted.release.xcconfig"; sourceTree = "<group>"; };
		EA38C421292CBECF30F9FB3A /* Pods-Annicted.debug.xcconfig */ = {isa = PBXFileReference; includeInIndex = 1; lastKnownFileType = text.xcconfig; name = "Pods-Annicted.debug.xcconfig"; path = "Pods/Target Support Files/Pods-Annicted/Pods-Annicted.debug.xcconfig"; sourceTree = "<group>"; };
/* End PBXFileReference section */

/* Begin PBXFrameworksBuildPhase section */
		C1EAB99F1D24391400BDDC70 /* Frameworks */ = {
			isa = PBXFrameworksBuildPhase;
			buildActionMask = 2147483647;
			files = (
				392BFC68DCA200A2E658649F /* Pods_Annicted.framework in Frameworks */,
			);
			runOnlyForDeploymentPostprocessing = 0;
		};
/* End PBXFrameworksBuildPhase section */

/* Begin PBXGroup section */
		632008DD1D621FD5006E9470 /* ViewController */ = {
			isa = PBXGroup;
			children = (
				63592DBA1D62ECB80027915F /* AuthViewController.swift */,
				632008DE1D621FF6006E9470 /* UIAlertController+Error.swift */,
				63592DBC1D62ED8A0027915F /* AnnictTabbarController.swift */,
				63592DBE1D62F23D0027915F /* MyProgramsViewController.swift */,
			);
			path = ViewController;
			sourceTree = "<group>";
		};
		A48BCD882893564E594DAEA0 /* Pods */ = {
			isa = PBXGroup;
			children = (
				EA38C421292CBECF30F9FB3A /* Pods-Annicted.debug.xcconfig */,
				E98D9666A466D65A741FD6A3 /* Pods-Annicted.release.xcconfig */,
			);
			name = Pods;
			sourceTree = "<group>";
		};
		C11D3F3D1D3FE88100869CA5 /* Model */ = {
			isa = PBXGroup;
			children = (
				C19134871D55C3D6004B9E25 /* NSURL+Easy.swift */,
				C11D3F3F1D3FE8D300869CA5 /* AnnictApiService.swift */,
				63B788F41D6203EA00AE96B4 /* MyProgram.swift */,
				63B788F61D6207E800AE96B4 /* AnnictDateTransform.swift */,
				63B788F81D62089400AE96B4 /* NSDate+Annict.swift */,
			);
			path = Model;
			sourceTree = "<group>";
		};
		C11D3F3E1D3FE8B000869CA5 /* ViewModel */ = {
			isa = PBXGroup;
			children = (
				63B788F21D6203A600AE96B4 /* MyProgramsViewModel.swift */,
			);
			path = ViewModel;
			sourceTree = "<group>";
		};
		C1EAB9991D24391400BDDC70 = {
			isa = PBXGroup;
			children = (
				C1EAB9A41D24391400BDDC70 /* Annicted */,
				C1EAB9A31D24391400BDDC70 /* Products */,
				A48BCD882893564E594DAEA0 /* Pods */,
				D955BB901887E79CC451B6B0 /* Frameworks */,
			);
			sourceTree = "<group>";
		};
		C1EAB9A31D24391400BDDC70 /* Products */ = {
			isa = PBXGroup;
			children = (
				C1EAB9A21D24391400BDDC70 /* Annicted.app */,
			);
			name = Products;
			sourceTree = "<group>";
		};
		C1EAB9A41D24391400BDDC70 /* Annicted */ = {
			isa = PBXGroup;
			children = (
				C1EAB9AE1D24391400BDDC70 /* LaunchScreen.storyboard */,
				C1EAB9A91D24391400BDDC70 /* Main.storyboard */,
				632008DD1D621FD5006E9470 /* ViewController */,
				C11D3F3E1D3FE8B000869CA5 /* ViewModel */,
				C11D3F3D1D3FE88100869CA5 /* Model */,
				C1EAB9A51D24391400BDDC70 /* AppDelegate.swift */,
				C1EAB9AC1D24391400BDDC70 /* Assets.xcassets */,
				C1EAB9B11D24391400BDDC70 /* Info.plist */,
			);
			path = Annicted;
			sourceTree = "<group>";
		};
		D955BB901887E79CC451B6B0 /* Frameworks */ = {
			isa = PBXGroup;
			children = (
				65D2FAD89A019AB4E3013F80 /* Pods_Annicted.framework */,
			);
			name = Frameworks;
			sourceTree = "<group>";
		};
/* End PBXGroup section */

/* Begin PBXNativeTarget section */
		C1EAB9A11D24391400BDDC70 /* Annicted */ = {
			isa = PBXNativeTarget;
			buildConfigurationList = C1EAB9B41D24391400BDDC70 /* Build configuration list for PBXNativeTarget "Annicted" */;
			buildPhases = (
				A4BDEACE7F564D8AE143C981 /* [CP] Check Pods Manifest.lock */,
				C1EAB99E1D24391400BDDC70 /* Sources */,
				C1EAB99F1D24391400BDDC70 /* Frameworks */,
				C1EAB9A01D24391400BDDC70 /* Resources */,
				64ACB8461B11C7110BF36A23 /* [CP] Embed Pods Frameworks */,
				9F0560F048CD0C9EA0A6E9AD /* [CP] Copy Pods Resources */,
			);
			buildRules = (
			);
			dependencies = (
			);
			name = Annicted;
			productName = Annicted;
			productReference = C1EAB9A21D24391400BDDC70 /* Annicted.app */;
			productType = "com.apple.product-type.application";
		};
/* End PBXNativeTarget section */

/* Begin PBXProject section */
		C1EAB99A1D24391400BDDC70 /* Project object */ = {
			isa = PBXProject;
			attributes = {
				LastSwiftUpdateCheck = 0730;
				LastUpgradeCheck = 0730;
				ORGANIZATIONNAME = SatoshiN21;
				TargetAttributes = {
					C1EAB9A11D24391400BDDC70 = {
						CreatedOnToolsVersion = 7.3.1;
						DevelopmentTeam = BKGU87KMTC;
					};
				};
			};
			buildConfigurationList = C1EAB99D1D24391400BDDC70 /* Build configuration list for PBXProject "Annicted" */;
			compatibilityVersion = "Xcode 3.2";
			developmentRegion = English;
			hasScannedForEncodings = 0;
			knownRegions = (
				en,
				Base,
			);
			mainGroup = C1EAB9991D24391400BDDC70;
			productRefGroup = C1EAB9A31D24391400BDDC70 /* Products */;
			projectDirPath = "";
			projectRoot = "";
			targets = (
				C1EAB9A11D24391400BDDC70 /* Annicted */,
			);
		};
/* End PBXProject section */

/* Begin PBXResourcesBuildPhase section */
		C1EAB9A01D24391400BDDC70 /* Resources */ = {
			isa = PBXResourcesBuildPhase;
			buildActionMask = 2147483647;
			files = (
				C1EAB9B01D24391400BDDC70 /* LaunchScreen.storyboard in Resources */,
				C1EAB9AD1D24391400BDDC70 /* Assets.xcassets in Resources */,
				C1EAB9AB1D24391400BDDC70 /* Main.storyboard in Resources */,
			);
			runOnlyForDeploymentPostprocessing = 0;
		};
/* End PBXResourcesBuildPhase section */

/* Begin PBXShellScriptBuildPhase section */
		64ACB8461B11C7110BF36A23 /* [CP] Embed Pods Frameworks */ = {
			isa = PBXShellScriptBuildPhase;
			buildActionMask = 2147483647;
			files = (
			);
			inputPaths = (
			);
			name = "[CP] Embed Pods Frameworks";
			outputPaths = (
			);
			runOnlyForDeploymentPostprocessing = 0;
			shellPath = /bin/sh;
			shellScript = "\"${SRCROOT}/Pods/Target Support Files/Pods-Annicted/Pods-Annicted-frameworks.sh\"\n";
			showEnvVarsInLog = 0;
		};
		9F0560F048CD0C9EA0A6E9AD /* [CP] Copy Pods Resources */ = {
			isa = PBXShellScriptBuildPhase;
			buildActionMask = 2147483647;
			files = (
			);
			inputPaths = (
			);
			name = "[CP] Copy Pods Resources";
			outputPaths = (
			);
			runOnlyForDeploymentPostprocessing = 0;
			shellPath = /bin/sh;
			shellScript = "\"${SRCROOT}/Pods/Target Support Files/Pods-Annicted/Pods-Annicted-resources.sh\"\n";
			showEnvVarsInLog = 0;
		};
		A4BDEACE7F564D8AE143C981 /* [CP] Check Pods Manifest.lock */ = {
			isa = PBXShellScriptBuildPhase;
			buildActionMask = 2147483647;
			files = (
			);
			inputPaths = (
			);
			name = "[CP] Check Pods Manifest.lock";
			outputPaths = (
			);
			runOnlyForDeploymentPostprocessing = 0;
			shellPath = /bin/sh;
			shellScript = "diff \"${PODS_ROOT}/../Podfile.lock\" \"${PODS_ROOT}/Manifest.lock\" > /dev/null\nif [[ $? != 0 ]] ; then\n    cat << EOM\nerror: The sandbox is not in sync with the Podfile.lock. Run 'pod install' or update your CocoaPods installation.\nEOM\n    exit 1\nfi\n";
			showEnvVarsInLog = 0;
		};
/* End PBXShellScriptBuildPhase section */

/* Begin PBXSourcesBuildPhase section */
		C1EAB99E1D24391400BDDC70 /* Sources */ = {
			isa = PBXSourcesBuildPhase;
			buildActionMask = 2147483647;
			files = (
				C19134881D55C3D6004B9E25 /* NSURL+Easy.swift in Sources */,
				63B788F31D6203A600AE96B4 /* MyProgramsViewModel.swift in Sources */,
				63592DBB1D62ECB80027915F /* AuthViewController.swift in Sources */,
				63B788F91D62089400AE96B4 /* NSDate+Annict.swift in Sources */,
				632008DF1D621FF6006E9470 /* UIAlertController+Error.swift in Sources */,
				C11D3F401D3FE8D300869CA5 /* AnnictApiService.swift in Sources */,
				63592DBD1D62ED8A0027915F /* AnnictTabbarController.swift in Sources */,
				63592DBF1D62F23D0027915F /* MyProgramsViewController.swift in Sources */,
				63B788F71D6207E800AE96B4 /* AnnictDateTransform.swift in Sources */,
				C1EAB9A61D24391400BDDC70 /* AppDelegate.swift in Sources */,
				63B788F51D6203EA00AE96B4 /* MyProgram.swift in Sources */,
			);
			runOnlyForDeploymentPostprocessing = 0;
		};
/* End PBXSourcesBuildPhase section */

/* Begin PBXVariantGroup section */
		C1EAB9A91D24391400BDDC70 /* Main.storyboard */ = {
			isa = PBXVariantGroup;
			children = (
				C1EAB9AA1D24391400BDDC70 /* Base */,
			);
			name = Main.storyboard;
			sourceTree = "<group>";
		};
		C1EAB9AE1D24391400BDDC70 /* LaunchScreen.storyboard */ = {
			isa = PBXVariantGroup;
			children = (
				C1EAB9AF1D24391400BDDC70 /* Base */,
			);
			name = LaunchScreen.storyboard;
			sourceTree = "<group>";
		};
/* End PBXVariantGroup section */

/* Begin XCBuildConfiguration section */
		C1EAB9B21D24391400BDDC70 /* Debug */ = {
			isa = XCBuildConfiguration;
			buildSettings = {
				ALWAYS_SEARCH_USER_PATHS = NO;
				CLANG_ANALYZER_NONNULL = YES;
				CLANG_CXX_LANGUAGE_STANDARD = "gnu++0x";
				CLANG_CXX_LIBRARY = "libc++";
				CLANG_ENABLE_MODULES = YES;
				CLANG_ENABLE_OBJC_ARC = YES;
				CLANG_WARN_BOOL_CONVERSION = YES;
				CLANG_WARN_CONSTANT_CONVERSION = YES;
				CLANG_WARN_DIRECT_OBJC_ISA_USAGE = YES_ERROR;
				CLANG_WARN_EMPTY_BODY = YES;
				CLANG_WARN_ENUM_CONVERSION = YES;
				CLANG_WARN_INT_CONVERSION = YES;
				CLANG_WARN_OBJC_ROOT_CLASS = YES_ERROR;
				CLANG_WARN_UNREACHABLE_CODE = YES;
				CLANG_WARN__DUPLICATE_METHOD_MATCH = YES;
				"CODE_SIGN_IDENTITY[sdk=iphoneos*]" = "iPhone Developer";
				COPY_PHASE_STRIP = NO;
				DEBUG_INFORMATION_FORMAT = dwarf;
				ENABLE_STRICT_OBJC_MSGSEND = YES;
				ENABLE_TESTABILITY = YES;
				GCC_C_LANGUAGE_STANDARD = gnu99;
				GCC_DYNAMIC_NO_PIC = NO;
				GCC_NO_COMMON_BLOCKS = YES;
				GCC_OPTIMIZATION_LEVEL = 0;
				GCC_PREPROCESSOR_DEFINITIONS = (
					"DEBUG=1",
					"$(inherited)",
				);
				GCC_WARN_64_TO_32_BIT_CONVERSION = YES;
				GCC_WARN_ABOUT_RETURN_TYPE = YES_ERROR;
				GCC_WARN_UNDECLARED_SELECTOR = YES;
				GCC_WARN_UNINITIALIZED_AUTOS = YES_AGGRESSIVE;
				GCC_WARN_UNUSED_FUNCTION = YES;
				GCC_WARN_UNUSED_VARIABLE = YES;
				IPHONEOS_DEPLOYMENT_TARGET = 9.3;
				MTL_ENABLE_DEBUG_INFO = YES;
				ONLY_ACTIVE_ARCH = YES;
				SDKROOT = iphoneos;
				SWIFT_OPTIMIZATION_LEVEL = "-Onone";
			};
			name = Debug;
		};
		C1EAB9B31D24391400BDDC70 /* Release */ = {
			isa = XCBuildConfiguration;
			buildSettings = {
				ALWAYS_SEARCH_USER_PATHS = NO;
				CLANG_ANALYZER_NONNULL = YES;
				CLANG_CXX_LANGUAGE_STANDARD = "gnu++0x";
				CLANG_CXX_LIBRARY = "libc++";
				CLANG_ENABLE_MODULES = YES;
				CLANG_ENABLE_OBJC_ARC = YES;
				CLANG_WARN_BOOL_CONVERSION = YES;
				CLANG_WARN_CONSTANT_CONVERSION = YES;
				CLANG_WARN_DIRECT_OBJC_ISA_USAGE = YES_ERROR;
				CLANG_WARN_EMPTY_BODY = YES;
				CLANG_WARN_ENUM_CONVERSION = YES;
				CLANG_WARN_INT_CONVERSION = YES;
				CLANG_WARN_OBJC_ROOT_CLASS = YES_ERROR;
				CLANG_WARN_UNREACHABLE_CODE = YES;
				CLANG_WARN__DUPLICATE_METHOD_MATCH = YES;
				"CODE_SIGN_IDENTITY[sdk=iphoneos*]" = "iPhone Developer";
				COPY_PHASE_STRIP = NO;
				DEBUG_INFORMATION_FORMAT = "dwarf-with-dsym";
				ENABLE_NS_ASSERTIONS = NO;
				ENABLE_STRICT_OBJC_MSGSEND = YES;
				GCC_C_LANGUAGE_STANDARD = gnu99;
				GCC_NO_COMMON_BLOCKS = YES;
				GCC_WARN_64_TO_32_BIT_CONVERSION = YES;
				GCC_WARN_ABOUT_RETURN_TYPE = YES_ERROR;
				GCC_WARN_UNDECLARED_SELECTOR = YES;
				GCC_WARN_UNINITIALIZED_AUTOS = YES_AGGRESSIVE;
				GCC_WARN_UNUSED_FUNCTION = YES;
				GCC_WARN_UNUSED_VARIABLE = YES;
				IPHONEOS_DEPLOYMENT_TARGET = 9.3;
				MTL_ENABLE_DEBUG_INFO = NO;
				SDKROOT = iphoneos;
				VALIDATE_PRODUCT = YES;
			};
			name = Release;
		};
		C1EAB9B51D24391400BDDC70 /* Debug */ = {
			isa = XCBuildConfiguration;
			baseConfigurationReference = EA38C421292CBECF30F9FB3A /* Pods-Annicted.debug.xcconfig */;
			buildSettings = {
				ASSETCATALOG_COMPILER_APPICON_NAME = AppIcon;
				CODE_SIGN_IDENTITY = "iPhone Developer";
				INFOPLIST_FILE = Annicted/Info.plist;
				LD_RUNPATH_SEARCH_PATHS = "$(inherited) @executable_path/Frameworks";
				PRODUCT_BUNDLE_IDENTIFIER = jp.hatenadiary.satoshin21;
				PRODUCT_NAME = "$(TARGET_NAME)";
			};
			name = Debug;
		};
		C1EAB9B61D24391400BDDC70 /* Release */ = {
			isa = XCBuildConfiguration;
			baseConfigurationReference = E98D9666A466D65A741FD6A3 /* Pods-Annicted.release.xcconfig */;
			buildSettings = {
				ASSETCATALOG_COMPILER_APPICON_NAME = AppIcon;
				CODE_SIGN_IDENTITY = "iPhone Developer";
				INFOPLIST_FILE = Annicted/Info.plist;
				LD_RUNPATH_SEARCH_PATHS = "$(inherited) @executable_path/Frameworks";
				PRODUCT_BUNDLE_IDENTIFIER = jp.hatenadiary.satoshin21;
				PRODUCT_NAME = "$(TARGET_NAME)";
			};
			name = Release;
		};
/* End XCBuildConfiguration section */

/* Begin XCConfigurationList section */
		C1EAB99D1D24391400BDDC70 /* Build configuration list for PBXProject "Annicted" */ = {
			isa = XCConfigurationList;
			buildConfigurations = (
				C1EAB9B21D24391400BDDC70 /* Debug */,
				C1EAB9B31D24391400BDDC70 /* Release */,
			);
			defaultConfigurationIsVisible = 0;
			defaultConfigurationName = Release;
		};
		C1EAB9B41D24391400BDDC70 /* Build configuration list for PBXNativeTarget "Annicted" */ = {
			isa = XCConfigurationList;
			buildConfigurations = (
				C1EAB9B51D24391400BDDC70 /* Debug */,
				C1EAB9B61D24391400BDDC70 /* Release */,
			);
			defaultConfigurationIsVisible = 0;
			defaultConfigurationName = Release;
		};
/* End XCConfigurationList section */
	};
	rootObject = C1EAB99A1D24391400BDDC70 /* Project object */;
}
